
Microsoft Visual Studio Solution File, Format Version 10.00
# Visual C# Express 2008
Project("{FAE04EC0-301F-11D3-BF4B-00C04F79EFBC}") = "Chapter 3 Final Project", "Chapter 3 Final Project\Chapter 3 Final Project.csproj", "{4E66F20E-6B73-424A-898D-CA38F365E9DE}"
EndProject
Global
	GlobalSection(SolutionConfigurationPlatforms) = preSolution
		Debug|x86 = Debug|x86
		Release|x86 = Release|x86
	EndGlobalSection
	GlobalSection(ProjectConfigurationPlatforms) = postSolution
		{4E66F20E-6B73-424A-898D-CA38F365E9DE}.Debug|x86.ActiveCfg = Debug|x86
		{4E66F20E-6B73-424A-898D-CA38F365E9DE}.Debug|x86.Build.0 = Debug|x86
		{4E66F20E-6B73-424A-898D-CA38F365E9DE}.Release|x86.ActiveCfg = Release|x86
		{4E66F20E-6B73-424A-898D-CA38F365E9DE}.Release|x86.Build.0 = Release|x86
		{2AC00F20-F24E-401A-91F5-979F2DBB5AC3}.Debug|x86.ActiveCfg = Debug|x86
		{2AC00F20-F24E-401A-91F5-979F2DBB5AC3}.Release|x86.ActiveCfg = Release|x86
	EndGlobalSection
	GlobalSection(SolutionProperties) = preSolution
		HideSolutionNode = FALSE
	EndGlobalSection
EndGlobal
